
Microsoft Visual Studio Solution File, Format Version 12.00
# Visual Studio 15
VisualStudioVersion = 15.0.28307.168
MinimumVisualStudioVersion = 10.0.40219.1
Project("{9092AA53-FB77-4645-B42D-1CCCA6BD08BD}") = "FrozenWebClientSide", "FrozenWebClientSide\FrozenWebClientSide.njsproj", "{D9B73321-9BC9-4F42-8DD3-5FCBCF832480}"
EndProject
Global
	GlobalSection(SolutionConfigurationPlatforms) = preSolution
		Debug|Any CPU = Debug|Any CPU
		Release|Any CPU = Release|Any CPU
	EndGlobalSection
	GlobalSection(ProjectConfigurationPlatforms) = postSolution
		{D9B73321-9BC9-4F42-8DD3-5FCBCF832480}.Debug|Any CPU.ActiveCfg = Debug|Any CPU
		{D9B73321-9BC9-4F42-8DD3-5FCBCF832480}.Debug|Any CPU.Build.0 = Debug|Any CPU
		{D9B73321-9BC9-4F42-8DD3-5FCBCF832480}.Release|Any CPU.ActiveCfg = Release|Any CPU
		{D9B73321-9BC9-4F42-8DD3-5FCBCF832480}.Release|Any CPU.Build.0 = Release|Any CPU
	EndGlobalSection
	GlobalSection(SolutionProperties) = preSolution
		HideSolutionNode = FALSE
	EndGlobalSection
	GlobalSection(ExtensibilityGlobals) = postSolution
		SolutionGuid = {AECE78E0-B671-48E9-BC5A-FC594F19BFFF}
	EndGlobalSection
EndGlobal
